
Microsoft Visual Studio Solution File, Format Version 12.00
# Visual Studio Version 17
VisualStudioVersion = 17.0.31903.59
MinimumVisualStudioVersion = 10.0.40219.1
Project("{2150E333-8FDC-42A3-9474-1A3956D46DE8}") = "Solution Items", "Solution Items", "{A0E3FF49-5C3C-416E-8445-1707E383DC69}"
	ProjectSection(SolutionItems) = preProject
		.editorconfig = .editorconfig
		.gitignore = .gitignore
		LICENSE = LICENSE
	EndProjectSection
EndProject
Project("{2150E333-8FDC-42A3-9474-1A3956D46DE8}") = "libraries", "libraries", "{DA4DE709-E5BC-4B93-88D2-838656C217CE}"
	ProjectSection(SolutionItems) = preProject
		libraries\Directory.Build.props = libraries\Directory.Build.props
	EndProjectSection
EndProject
Project("{2150E333-8FDC-42A3-9474-1A3956D46DE8}") = "src", "src", "{5F18EE62-3FBC-42F5-96DC-8C61C3D9EF27}"
EndProject
Project("{2150E333-8FDC-42A3-9474-1A3956D46DE8}") = "test", "test", "{50252EFB-8629-4B1D-AC2F-5F29CB6F684D}"
EndProject
Project("{9A19103F-16F7-4668-BE54-9A1E7A4F7556}") = "JGUZDV.AspNetCore.Logging", "libraries\JGUZDV.AspNetCore.Logging\src\JGUZDV.AspNetCore.Logging.csproj", "{311DE251-20A2-42C0-BD6C-2A327221D3C3}"
EndProject
Project("{9A19103F-16F7-4668-BE54-9A1E7A4F7556}") = "JGUZDV.AspNetCore.Logging.Tests", "libraries\JGUZDV.AspNetCore.Logging\test\JGUZDV.AspNetCore.Logging.Tests.csproj", "{6D6BD6AF-06E3-4FB2-ADEF-E373D2E94B3E}"
EndProject
Project("{9A19103F-16F7-4668-BE54-9A1E7A4F7556}") = "JGUZDV.AspNetCore.DataProtection", "libraries\JGUZDV.AspNetCore.DataProtection\src\JGUZDV.AspNetCore.DataProtection.csproj", "{F840F15F-592B-4E82-BFEB-CA2F3DBA3C2F}"
EndProject
Project("{9A19103F-16F7-4668-BE54-9A1E7A4F7556}") = "JGUZDV.AspNetCore.DataProtection.Tests", "libraries\JGUZDV.AspNetCore.DataProtection\test\JGUZDV.AspNetCore.DataProtection.Tests.csproj", "{97B58430-AAA3-4283-85FC-2BA1ED37514E}"
EndProject
Project("{9A19103F-16F7-4668-BE54-9A1E7A4F7556}") = "JGUZDV.Linq", "libraries\JGUZDV.Linq\src\JGUZDV.Linq.csproj", "{C551EE51-B06E-4554-9114-763150B8908E}"
EndProject
Project("{9A19103F-16F7-4668-BE54-9A1E7A4F7556}") = "JGUZDV.Linq.Tests", "libraries\JGUZDV.Linq\test\JGUZDV.Linq.Tests.csproj", "{07AAE83F-56C7-4A9A-9972-7F9BE53D031A}"
EndProject
Project("{9A19103F-16F7-4668-BE54-9A1E7A4F7556}") = "JGUZDV.CQRS", "libraries\JGUZDV.CQRS\src\JGUZDV.CQRS.csproj", "{A7A0EDB7-BFE4-4645-A8A3-0D42A5E1002F}"
EndProject
Project("{9A19103F-16F7-4668-BE54-9A1E7A4F7556}") = "JGUZDV.CQRS.Tests", "libraries\JGUZDV.CQRS\test\JGUZDV.CQRS.Tests.csproj", "{7372528E-F5B9-49C6-8EC4-8F793DFC081D}"
EndProject
Project("{9A19103F-16F7-4668-BE54-9A1E7A4F7556}") = "JGUZDV.CQRS.AspNetCore", "libraries\JGUZDV.CQRS.AspNetCore\src\JGUZDV.CQRS.AspNetCore.csproj", "{A0A4DB02-4AB6-42FA-8F75-B0A58BCF8E57}"
EndProject
Project("{9A19103F-16F7-4668-BE54-9A1E7A4F7556}") = "JGUZDV.CQRS.AspNetCore.Tests", "libraries\JGUZDV.CQRS.AspNetCore\test\JGUZDV.CQRS.AspNetCore.Tests.csproj", "{4B50EE32-BF4F-4FE4-918D-3B35695CD829}"
EndProject
Project("{9A19103F-16F7-4668-BE54-9A1E7A4F7556}") = "JGUZDV.Extensions.Logging", "libraries\JGUZDV.Extensions.Logging\src\JGUZDV.Extensions.Logging.csproj", "{AB284655-5FE2-4DF9-BCF9-87A8962C086E}"
EndProject
Project("{9A19103F-16F7-4668-BE54-9A1E7A4F7556}") = "JGUZDV.Extensions.Logging.Tests", "libraries\JGUZDV.Extensions.Logging\test\JGUZDV.Extensions.Logging.Tests.csproj", "{EC5DD74A-C0FB-4310-95FF-F8C9E2817F5C}"
EndProject
Project("{9A19103F-16F7-4668-BE54-9A1E7A4F7556}") = "JGUZDV.L10n", "libraries\JGUZDV.L10n\src\JGUZDV.L10n.csproj", "{175E14F2-E526-4DEA-9E05-AA87E48DBD7D}"
EndProject
Project("{9A19103F-16F7-4668-BE54-9A1E7A4F7556}") = "JGUZDV.L10n.Tests", "libraries\JGUZDV.L10n\test\JGUZDV.L10n.Tests.csproj", "{D95B0932-CC64-440A-A956-D9D9EF9E1A99}"
EndProject
Project("{9A19103F-16F7-4668-BE54-9A1E7A4F7556}") = "JGUZDV.L10n.EntityFramework", "libraries\JGUZDV.L10n.EntityFramework\src\JGUZDV.L10n.EntityFramework.csproj", "{9610AFDB-AA50-4AFF-80E5-B8CA65D84A8E}"
EndProject
Project("{9A19103F-16F7-4668-BE54-9A1E7A4F7556}") = "JGUZDV.L10n.EntityFramework.Tests", "libraries\JGUZDV.L10n.EntityFramework\test\JGUZDV.L10n.EntityFramework.Tests.csproj", "{AECC9062-83E1-4B62-906D-1055E61E71DE}"
EndProject
Project("{9A19103F-16F7-4668-BE54-9A1E7A4F7556}") = "JGUZDV.Extensions.Authorization", "libraries\JGUZDV.Extensions.Authorization\src\JGUZDV.Extensions.Authorization.csproj", "{3DFED352-5E7E-4688-8371-8B55EB800705}"
EndProject
Project("{9A19103F-16F7-4668-BE54-9A1E7A4F7556}") = "JGUZDV.Extensions.Authorization.Tests", "libraries\JGUZDV.Extensions.Authorization\test\JGUZDV.Extensions.Authorization.Tests.csproj", "{793F6A63-30B3-44BC-A205-50031E27E31C}"
EndProject
Project("{2150E333-8FDC-42A3-9474-1A3956D46DE8}") = "samples", "samples", "{AA0D0715-5EAE-437A-ABF5-D596B127544B}"
EndProject
Project("{9A19103F-16F7-4668-BE54-9A1E7A4F7556}") = "JGUZDV.Blazor.Components.Samples", "libraries\JGUZDV.Blazor.Components\samples\JGUZDV.Blazor.Components.Samples.csproj", "{4AAFE071-EC5E-4F28-961C-7BB1259DC452}"
EndProject
Project("{9A19103F-16F7-4668-BE54-9A1E7A4F7556}") = "JGUZDV.Blazor.Components", "libraries\JGUZDV.Blazor.Components\src\JGUZDV.Blazor.Components.csproj", "{E5097EE8-6385-4C20-9DE3-8902CEA4FE8B}"
EndProject
Project("{9A19103F-16F7-4668-BE54-9A1E7A4F7556}") = "JGUZDV.Blazor.Components.Tests", "libraries\JGUZDV.Blazor.Components\test\JGUZDV.Blazor.Components.Tests.csproj", "{B39492DF-D142-4F68-BAE9-2862D4B2E865}"
EndProject
Project("{9A19103F-16F7-4668-BE54-9A1E7A4F7556}") = "JGUZDV.Extensions.Json", "libraries\JGUZDV.Extensions.Json\src\JGUZDV.Extensions.Json.csproj", "{17C0DC51-C48D-4CAD-BF20-2C1BF7785A08}"
EndProject
Project("{9A19103F-16F7-4668-BE54-9A1E7A4F7556}") = "JGUZDV.Extensions.Json.Tests", "libraries\JGUZDV.Extensions.Json\test\JGUZDV.Extensions.Json.Tests.csproj", "{E3623DC7-BE65-4EBD-9E1D-D66BE0502F72}"
EndProject
Project("{9A19103F-16F7-4668-BE54-9A1E7A4F7556}") = "JGUZDV.ClientStorage", "libraries\JGUZDV.ClientStorage\src\JGUZDV.ClientStorage.csproj", "{5EED8C4F-CE5B-4539-ABCE-5D07F4EE92B1}"
EndProject
Project("{9A19103F-16F7-4668-BE54-9A1E7A4F7556}") = "JGUZDV.ClientStorage.Tests", "libraries\JGUZDV.ClientStorage\test\JGUZDV.ClientStorage.Tests.csproj", "{BB820FE9-4253-428E-A65A-95CF269022E9}"
EndProject
Project("{9A19103F-16F7-4668-BE54-9A1E7A4F7556}") = "JGUZDV.ActiveDirectory.ClaimProvider.Tests", "libraries\JGUZDV.ActiveDirectory.ClaimProvider\test\JGUZDV.ActiveDirectory.ClaimProvider.Tests.csproj", "{3B8F0A74-D7DD-4FA7-A6DF-568640868A24}"
EndProject
Project("{9A19103F-16F7-4668-BE54-9A1E7A4F7556}") = "JGUZDV.ActiveDirectory.ClaimProvider", "libraries\JGUZDV.ActiveDirectory.ClaimProvider\src\JGUZDV.ActiveDirectory.ClaimProvider.csproj", "{1DE8AF4D-4D46-4766-844E-819757AC4E4C}"
EndProject
Project("{9A19103F-16F7-4668-BE54-9A1E7A4F7556}") = "JGUZDV.AspNetCore.Authentication.Cookies", "libraries\JGUZDV.AspNetCore.Authentication.Cookies\src\JGUZDV.AspNetCore.Authentication.Cookies.csproj", "{D0DE2AFA-498B-489B-9DC4-3AFC8CA60EF0}"
EndProject
Project("{9A19103F-16F7-4668-BE54-9A1E7A4F7556}") = "JGUZDV.AspNetCore.Authentication.Cookies.Tests", "libraries\JGUZDV.AspNetCore.Authentication.Cookies\test\JGUZDV.AspNetCore.Authentication.Cookies.Tests.csproj", "{AADC7783-3155-4905-9524-61EE2E5E01C2}"
EndProject
Project("{9A19103F-16F7-4668-BE54-9A1E7A4F7556}") = "JGUZDV.OpenIddict.KeyManager", "libraries\JGUZDV.OpenIddict.KeyManager\src\JGUZDV.OpenIddict.KeyManager.csproj", "{115784A8-B2A6-4790-99D3-C41049CBC1C9}"
EndProject
Project("{9A19103F-16F7-4668-BE54-9A1E7A4F7556}") = "JGUZDV.OpenIddict.KeyManager.Tests", "libraries\JGUZDV.OpenIddict.KeyManager\test\JGUZDV.OpenIddict.KeyManager.Tests.csproj", "{397C9A29-83DB-4944-9D4E-93159CDA60B6}"
EndProject
Project("{9A19103F-16F7-4668-BE54-9A1E7A4F7556}") = "JGUZDV.Blazor.WasmServerHost", "libraries\JGUZDV.Blazor.WasmServerHost\src\JGUZDV.Blazor.WasmServerHost.csproj", "{68E91C38-4D95-4DCE-9BC2-4AE71236B289}"
EndProject
Project("{9A19103F-16F7-4668-BE54-9A1E7A4F7556}") = "JGUZDV.Blazor.WasmServerHost.Tests", "libraries\JGUZDV.Blazor.WasmServerHost\test\JGUZDV.Blazor.WasmServerHost.Tests.csproj", "{A2AF6E5E-C42E-47A1-AE81-ED81B84C57DD}"
EndProject
Project("{9A19103F-16F7-4668-BE54-9A1E7A4F7556}") = "JGUZDV.YARP.SimpleReverseProxy", "libraries\JGUZDV.YARP.SimpleReverseProxy\src\JGUZDV.YARP.SimpleReverseProxy.csproj", "{7D6C1BB8-4E00-4DB0-9063-859A98C69927}"
EndProject
Project("{9A19103F-16F7-4668-BE54-9A1E7A4F7556}") = "JGUZDV.YARP.SimpleReverseProxy.Tests", "libraries\JGUZDV.YARP.SimpleReverseProxy\test\JGUZDV.YARP.SimpleReverseProxy.Tests.csproj", "{2E589423-3B93-4444-830B-8742E6BF8FD1}"
EndProject
Project("{9A19103F-16F7-4668-BE54-9A1E7A4F7556}") = "JGUZDV.JobHost", "libraries\JGUZDV.JobHost\src\JGUZDV.JobHost.csproj", "{02F83C77-C526-41D5-853B-1E40EF7F5CDA}"
EndProject
Project("{9A19103F-16F7-4668-BE54-9A1E7A4F7556}") = "JGUZDV.JobHost.Tests", "libraries\JGUZDV.JobHost\test\JGUZDV.JobHost.Tests.csproj", "{E081A3D2-23D1-4C02-80F0-2832DCB502EF}"
EndProject
Global
	GlobalSection(SolutionConfigurationPlatforms) = preSolution
		Debug|Any CPU = Debug|Any CPU
		Release|Any CPU = Release|Any CPU
	EndGlobalSection
	GlobalSection(ProjectConfigurationPlatforms) = postSolution
		{311DE251-20A2-42C0-BD6C-2A327221D3C3}.Debug|Any CPU.ActiveCfg = Debug|Any CPU
		{311DE251-20A2-42C0-BD6C-2A327221D3C3}.Debug|Any CPU.Build.0 = Debug|Any CPU
		{311DE251-20A2-42C0-BD6C-2A327221D3C3}.Release|Any CPU.ActiveCfg = Release|Any CPU
		{311DE251-20A2-42C0-BD6C-2A327221D3C3}.Release|Any CPU.Build.0 = Release|Any CPU
		{6D6BD6AF-06E3-4FB2-ADEF-E373D2E94B3E}.Debug|Any CPU.ActiveCfg = Debug|Any CPU
		{6D6BD6AF-06E3-4FB2-ADEF-E373D2E94B3E}.Debug|Any CPU.Build.0 = Debug|Any CPU
		{6D6BD6AF-06E3-4FB2-ADEF-E373D2E94B3E}.Release|Any CPU.ActiveCfg = Release|Any CPU
		{6D6BD6AF-06E3-4FB2-ADEF-E373D2E94B3E}.Release|Any CPU.Build.0 = Release|Any CPU
		{F840F15F-592B-4E82-BFEB-CA2F3DBA3C2F}.Debug|Any CPU.ActiveCfg = Debug|Any CPU
		{F840F15F-592B-4E82-BFEB-CA2F3DBA3C2F}.Debug|Any CPU.Build.0 = Debug|Any CPU
		{F840F15F-592B-4E82-BFEB-CA2F3DBA3C2F}.Release|Any CPU.ActiveCfg = Release|Any CPU
		{F840F15F-592B-4E82-BFEB-CA2F3DBA3C2F}.Release|Any CPU.Build.0 = Release|Any CPU
		{97B58430-AAA3-4283-85FC-2BA1ED37514E}.Debug|Any CPU.ActiveCfg = Debug|Any CPU
		{97B58430-AAA3-4283-85FC-2BA1ED37514E}.Debug|Any CPU.Build.0 = Debug|Any CPU
		{97B58430-AAA3-4283-85FC-2BA1ED37514E}.Release|Any CPU.ActiveCfg = Release|Any CPU
		{97B58430-AAA3-4283-85FC-2BA1ED37514E}.Release|Any CPU.Build.0 = Release|Any CPU
		{C551EE51-B06E-4554-9114-763150B8908E}.Debug|Any CPU.ActiveCfg = Debug|Any CPU
		{C551EE51-B06E-4554-9114-763150B8908E}.Debug|Any CPU.Build.0 = Debug|Any CPU
		{C551EE51-B06E-4554-9114-763150B8908E}.Release|Any CPU.ActiveCfg = Release|Any CPU
		{C551EE51-B06E-4554-9114-763150B8908E}.Release|Any CPU.Build.0 = Release|Any CPU
		{07AAE83F-56C7-4A9A-9972-7F9BE53D031A}.Debug|Any CPU.ActiveCfg = Debug|Any CPU
		{07AAE83F-56C7-4A9A-9972-7F9BE53D031A}.Debug|Any CPU.Build.0 = Debug|Any CPU
		{07AAE83F-56C7-4A9A-9972-7F9BE53D031A}.Release|Any CPU.ActiveCfg = Release|Any CPU
		{07AAE83F-56C7-4A9A-9972-7F9BE53D031A}.Release|Any CPU.Build.0 = Release|Any CPU
		{A7A0EDB7-BFE4-4645-A8A3-0D42A5E1002F}.Debug|Any CPU.ActiveCfg = Debug|Any CPU
		{A7A0EDB7-BFE4-4645-A8A3-0D42A5E1002F}.Debug|Any CPU.Build.0 = Debug|Any CPU
		{A7A0EDB7-BFE4-4645-A8A3-0D42A5E1002F}.Release|Any CPU.ActiveCfg = Release|Any CPU
		{A7A0EDB7-BFE4-4645-A8A3-0D42A5E1002F}.Release|Any CPU.Build.0 = Release|Any CPU
		{7372528E-F5B9-49C6-8EC4-8F793DFC081D}.Debug|Any CPU.ActiveCfg = Debug|Any CPU
		{7372528E-F5B9-49C6-8EC4-8F793DFC081D}.Debug|Any CPU.Build.0 = Debug|Any CPU
		{7372528E-F5B9-49C6-8EC4-8F793DFC081D}.Release|Any CPU.ActiveCfg = Release|Any CPU
		{7372528E-F5B9-49C6-8EC4-8F793DFC081D}.Release|Any CPU.Build.0 = Release|Any CPU
		{A0A4DB02-4AB6-42FA-8F75-B0A58BCF8E57}.Debug|Any CPU.ActiveCfg = Debug|Any CPU
		{A0A4DB02-4AB6-42FA-8F75-B0A58BCF8E57}.Debug|Any CPU.Build.0 = Debug|Any CPU
		{A0A4DB02-4AB6-42FA-8F75-B0A58BCF8E57}.Release|Any CPU.ActiveCfg = Release|Any CPU
		{A0A4DB02-4AB6-42FA-8F75-B0A58BCF8E57}.Release|Any CPU.Build.0 = Release|Any CPU
		{4B50EE32-BF4F-4FE4-918D-3B35695CD829}.Debug|Any CPU.ActiveCfg = Debug|Any CPU
		{4B50EE32-BF4F-4FE4-918D-3B35695CD829}.Debug|Any CPU.Build.0 = Debug|Any CPU
		{4B50EE32-BF4F-4FE4-918D-3B35695CD829}.Release|Any CPU.ActiveCfg = Release|Any CPU
		{4B50EE32-BF4F-4FE4-918D-3B35695CD829}.Release|Any CPU.Build.0 = Release|Any CPU
		{AB284655-5FE2-4DF9-BCF9-87A8962C086E}.Debug|Any CPU.ActiveCfg = Debug|Any CPU
		{AB284655-5FE2-4DF9-BCF9-87A8962C086E}.Debug|Any CPU.Build.0 = Debug|Any CPU
		{AB284655-5FE2-4DF9-BCF9-87A8962C086E}.Release|Any CPU.ActiveCfg = Release|Any CPU
		{AB284655-5FE2-4DF9-BCF9-87A8962C086E}.Release|Any CPU.Build.0 = Release|Any CPU
		{EC5DD74A-C0FB-4310-95FF-F8C9E2817F5C}.Debug|Any CPU.ActiveCfg = Debug|Any CPU
		{EC5DD74A-C0FB-4310-95FF-F8C9E2817F5C}.Debug|Any CPU.Build.0 = Debug|Any CPU
		{EC5DD74A-C0FB-4310-95FF-F8C9E2817F5C}.Release|Any CPU.ActiveCfg = Release|Any CPU
		{EC5DD74A-C0FB-4310-95FF-F8C9E2817F5C}.Release|Any CPU.Build.0 = Release|Any CPU
		{175E14F2-E526-4DEA-9E05-AA87E48DBD7D}.Debug|Any CPU.ActiveCfg = Debug|Any CPU
		{175E14F2-E526-4DEA-9E05-AA87E48DBD7D}.Debug|Any CPU.Build.0 = Debug|Any CPU
		{175E14F2-E526-4DEA-9E05-AA87E48DBD7D}.Release|Any CPU.ActiveCfg = Release|Any CPU
		{175E14F2-E526-4DEA-9E05-AA87E48DBD7D}.Release|Any CPU.Build.0 = Release|Any CPU
		{D95B0932-CC64-440A-A956-D9D9EF9E1A99}.Debug|Any CPU.ActiveCfg = Debug|Any CPU
		{D95B0932-CC64-440A-A956-D9D9EF9E1A99}.Debug|Any CPU.Build.0 = Debug|Any CPU
		{D95B0932-CC64-440A-A956-D9D9EF9E1A99}.Release|Any CPU.ActiveCfg = Release|Any CPU
		{D95B0932-CC64-440A-A956-D9D9EF9E1A99}.Release|Any CPU.Build.0 = Release|Any CPU
		{9610AFDB-AA50-4AFF-80E5-B8CA65D84A8E}.Debug|Any CPU.ActiveCfg = Debug|Any CPU
		{9610AFDB-AA50-4AFF-80E5-B8CA65D84A8E}.Debug|Any CPU.Build.0 = Debug|Any CPU
		{9610AFDB-AA50-4AFF-80E5-B8CA65D84A8E}.Release|Any CPU.ActiveCfg = Release|Any CPU
		{9610AFDB-AA50-4AFF-80E5-B8CA65D84A8E}.Release|Any CPU.Build.0 = Release|Any CPU
		{AECC9062-83E1-4B62-906D-1055E61E71DE}.Debug|Any CPU.ActiveCfg = Debug|Any CPU
		{AECC9062-83E1-4B62-906D-1055E61E71DE}.Debug|Any CPU.Build.0 = Debug|Any CPU
		{AECC9062-83E1-4B62-906D-1055E61E71DE}.Release|Any CPU.ActiveCfg = Release|Any CPU
		{AECC9062-83E1-4B62-906D-1055E61E71DE}.Release|Any CPU.Build.0 = Release|Any CPU
		{3DFED352-5E7E-4688-8371-8B55EB800705}.Debug|Any CPU.ActiveCfg = Debug|Any CPU
		{3DFED352-5E7E-4688-8371-8B55EB800705}.Debug|Any CPU.Build.0 = Debug|Any CPU
		{3DFED352-5E7E-4688-8371-8B55EB800705}.Release|Any CPU.ActiveCfg = Release|Any CPU
		{3DFED352-5E7E-4688-8371-8B55EB800705}.Release|Any CPU.Build.0 = Release|Any CPU
		{793F6A63-30B3-44BC-A205-50031E27E31C}.Debug|Any CPU.ActiveCfg = Debug|Any CPU
		{793F6A63-30B3-44BC-A205-50031E27E31C}.Debug|Any CPU.Build.0 = Debug|Any CPU
		{793F6A63-30B3-44BC-A205-50031E27E31C}.Release|Any CPU.ActiveCfg = Release|Any CPU
		{793F6A63-30B3-44BC-A205-50031E27E31C}.Release|Any CPU.Build.0 = Release|Any CPU
		{4AAFE071-EC5E-4F28-961C-7BB1259DC452}.Debug|Any CPU.ActiveCfg = Debug|Any CPU
		{4AAFE071-EC5E-4F28-961C-7BB1259DC452}.Debug|Any CPU.Build.0 = Debug|Any CPU
		{4AAFE071-EC5E-4F28-961C-7BB1259DC452}.Release|Any CPU.ActiveCfg = Release|Any CPU
		{4AAFE071-EC5E-4F28-961C-7BB1259DC452}.Release|Any CPU.Build.0 = Release|Any CPU
		{E5097EE8-6385-4C20-9DE3-8902CEA4FE8B}.Debug|Any CPU.ActiveCfg = Debug|Any CPU
		{E5097EE8-6385-4C20-9DE3-8902CEA4FE8B}.Debug|Any CPU.Build.0 = Debug|Any CPU
		{E5097EE8-6385-4C20-9DE3-8902CEA4FE8B}.Release|Any CPU.ActiveCfg = Release|Any CPU
		{E5097EE8-6385-4C20-9DE3-8902CEA4FE8B}.Release|Any CPU.Build.0 = Release|Any CPU
		{B39492DF-D142-4F68-BAE9-2862D4B2E865}.Debug|Any CPU.ActiveCfg = Debug|Any CPU
		{B39492DF-D142-4F68-BAE9-2862D4B2E865}.Debug|Any CPU.Build.0 = Debug|Any CPU
		{B39492DF-D142-4F68-BAE9-2862D4B2E865}.Release|Any CPU.ActiveCfg = Release|Any CPU
		{B39492DF-D142-4F68-BAE9-2862D4B2E865}.Release|Any CPU.Build.0 = Release|Any CPU
		{17C0DC51-C48D-4CAD-BF20-2C1BF7785A08}.Debug|Any CPU.ActiveCfg = Debug|Any CPU
		{17C0DC51-C48D-4CAD-BF20-2C1BF7785A08}.Debug|Any CPU.Build.0 = Debug|Any CPU
		{17C0DC51-C48D-4CAD-BF20-2C1BF7785A08}.Release|Any CPU.ActiveCfg = Release|Any CPU
		{17C0DC51-C48D-4CAD-BF20-2C1BF7785A08}.Release|Any CPU.Build.0 = Release|Any CPU
		{E3623DC7-BE65-4EBD-9E1D-D66BE0502F72}.Debug|Any CPU.ActiveCfg = Debug|Any CPU
		{E3623DC7-BE65-4EBD-9E1D-D66BE0502F72}.Debug|Any CPU.Build.0 = Debug|Any CPU
		{E3623DC7-BE65-4EBD-9E1D-D66BE0502F72}.Release|Any CPU.ActiveCfg = Release|Any CPU
		{E3623DC7-BE65-4EBD-9E1D-D66BE0502F72}.Release|Any CPU.Build.0 = Release|Any CPU
		{5EED8C4F-CE5B-4539-ABCE-5D07F4EE92B1}.Debug|Any CPU.ActiveCfg = Debug|Any CPU
		{5EED8C4F-CE5B-4539-ABCE-5D07F4EE92B1}.Debug|Any CPU.Build.0 = Debug|Any CPU
		{5EED8C4F-CE5B-4539-ABCE-5D07F4EE92B1}.Release|Any CPU.ActiveCfg = Release|Any CPU
		{5EED8C4F-CE5B-4539-ABCE-5D07F4EE92B1}.Release|Any CPU.Build.0 = Release|Any CPU
		{BB820FE9-4253-428E-A65A-95CF269022E9}.Debug|Any CPU.ActiveCfg = Debug|Any CPU
		{BB820FE9-4253-428E-A65A-95CF269022E9}.Debug|Any CPU.Build.0 = Debug|Any CPU
		{BB820FE9-4253-428E-A65A-95CF269022E9}.Release|Any CPU.ActiveCfg = Release|Any CPU
		{BB820FE9-4253-428E-A65A-95CF269022E9}.Release|Any CPU.Build.0 = Release|Any CPU
		{3B8F0A74-D7DD-4FA7-A6DF-568640868A24}.Debug|Any CPU.ActiveCfg = Debug|Any CPU
		{3B8F0A74-D7DD-4FA7-A6DF-568640868A24}.Debug|Any CPU.Build.0 = Debug|Any CPU
		{3B8F0A74-D7DD-4FA7-A6DF-568640868A24}.Release|Any CPU.ActiveCfg = Release|Any CPU
		{3B8F0A74-D7DD-4FA7-A6DF-568640868A24}.Release|Any CPU.Build.0 = Release|Any CPU
		{1DE8AF4D-4D46-4766-844E-819757AC4E4C}.Debug|Any CPU.ActiveCfg = Debug|Any CPU
		{1DE8AF4D-4D46-4766-844E-819757AC4E4C}.Debug|Any CPU.Build.0 = Debug|Any CPU
		{1DE8AF4D-4D46-4766-844E-819757AC4E4C}.Release|Any CPU.ActiveCfg = Release|Any CPU
		{1DE8AF4D-4D46-4766-844E-819757AC4E4C}.Release|Any CPU.Build.0 = Release|Any CPU
		{D0DE2AFA-498B-489B-9DC4-3AFC8CA60EF0}.Debug|Any CPU.ActiveCfg = Debug|Any CPU
		{D0DE2AFA-498B-489B-9DC4-3AFC8CA60EF0}.Debug|Any CPU.Build.0 = Debug|Any CPU
		{D0DE2AFA-498B-489B-9DC4-3AFC8CA60EF0}.Release|Any CPU.ActiveCfg = Release|Any CPU
		{D0DE2AFA-498B-489B-9DC4-3AFC8CA60EF0}.Release|Any CPU.Build.0 = Release|Any CPU
		{AADC7783-3155-4905-9524-61EE2E5E01C2}.Debug|Any CPU.ActiveCfg = Debug|Any CPU
		{AADC7783-3155-4905-9524-61EE2E5E01C2}.Debug|Any CPU.Build.0 = Debug|Any CPU
		{AADC7783-3155-4905-9524-61EE2E5E01C2}.Release|Any CPU.ActiveCfg = Release|Any CPU
		{AADC7783-3155-4905-9524-61EE2E5E01C2}.Release|Any CPU.Build.0 = Release|Any CPU
		{115784A8-B2A6-4790-99D3-C41049CBC1C9}.Debug|Any CPU.ActiveCfg = Debug|Any CPU
		{115784A8-B2A6-4790-99D3-C41049CBC1C9}.Debug|Any CPU.Build.0 = Debug|Any CPU
		{115784A8-B2A6-4790-99D3-C41049CBC1C9}.Release|Any CPU.ActiveCfg = Release|Any CPU
		{115784A8-B2A6-4790-99D3-C41049CBC1C9}.Release|Any CPU.Build.0 = Release|Any CPU
		{397C9A29-83DB-4944-9D4E-93159CDA60B6}.Debug|Any CPU.ActiveCfg = Debug|Any CPU
		{397C9A29-83DB-4944-9D4E-93159CDA60B6}.Debug|Any CPU.Build.0 = Debug|Any CPU
		{397C9A29-83DB-4944-9D4E-93159CDA60B6}.Release|Any CPU.ActiveCfg = Release|Any CPU
		{397C9A29-83DB-4944-9D4E-93159CDA60B6}.Release|Any CPU.Build.0 = Release|Any CPU
		{68E91C38-4D95-4DCE-9BC2-4AE71236B289}.Debug|Any CPU.ActiveCfg = Debug|Any CPU
		{68E91C38-4D95-4DCE-9BC2-4AE71236B289}.Debug|Any CPU.Build.0 = Debug|Any CPU
		{68E91C38-4D95-4DCE-9BC2-4AE71236B289}.Release|Any CPU.ActiveCfg = Release|Any CPU
		{68E91C38-4D95-4DCE-9BC2-4AE71236B289}.Release|Any CPU.Build.0 = Release|Any CPU
		{A2AF6E5E-C42E-47A1-AE81-ED81B84C57DD}.Debug|Any CPU.ActiveCfg = Debug|Any CPU
		{A2AF6E5E-C42E-47A1-AE81-ED81B84C57DD}.Debug|Any CPU.Build.0 = Debug|Any CPU
		{A2AF6E5E-C42E-47A1-AE81-ED81B84C57DD}.Release|Any CPU.ActiveCfg = Release|Any CPU
		{A2AF6E5E-C42E-47A1-AE81-ED81B84C57DD}.Release|Any CPU.Build.0 = Release|Any CPU
		{7D6C1BB8-4E00-4DB0-9063-859A98C69927}.Debug|Any CPU.ActiveCfg = Debug|Any CPU
		{7D6C1BB8-4E00-4DB0-9063-859A98C69927}.Debug|Any CPU.Build.0 = Debug|Any CPU
		{7D6C1BB8-4E00-4DB0-9063-859A98C69927}.Release|Any CPU.ActiveCfg = Release|Any CPU
		{7D6C1BB8-4E00-4DB0-9063-859A98C69927}.Release|Any CPU.Build.0 = Release|Any CPU
		{2E589423-3B93-4444-830B-8742E6BF8FD1}.Debug|Any CPU.ActiveCfg = Debug|Any CPU
		{2E589423-3B93-4444-830B-8742E6BF8FD1}.Debug|Any CPU.Build.0 = Debug|Any CPU
		{2E589423-3B93-4444-830B-8742E6BF8FD1}.Release|Any CPU.ActiveCfg = Release|Any CPU
		{2E589423-3B93-4444-830B-8742E6BF8FD1}.Release|Any CPU.Build.0 = Release|Any CPU
		{02F83C77-C526-41D5-853B-1E40EF7F5CDA}.Debug|Any CPU.ActiveCfg = Debug|Any CPU
		{02F83C77-C526-41D5-853B-1E40EF7F5CDA}.Debug|Any CPU.Build.0 = Debug|Any CPU
		{02F83C77-C526-41D5-853B-1E40EF7F5CDA}.Release|Any CPU.ActiveCfg = Release|Any CPU
		{02F83C77-C526-41D5-853B-1E40EF7F5CDA}.Release|Any CPU.Build.0 = Release|Any CPU
		{E081A3D2-23D1-4C02-80F0-2832DCB502EF}.Debug|Any CPU.ActiveCfg = Debug|Any CPU
		{E081A3D2-23D1-4C02-80F0-2832DCB502EF}.Debug|Any CPU.Build.0 = Debug|Any CPU
		{E081A3D2-23D1-4C02-80F0-2832DCB502EF}.Release|Any CPU.ActiveCfg = Release|Any CPU
		{E081A3D2-23D1-4C02-80F0-2832DCB502EF}.Release|Any CPU.Build.0 = Release|Any CPU
	EndGlobalSection
	GlobalSection(SolutionProperties) = preSolution
		HideSolutionNode = FALSE
	EndGlobalSection
	GlobalSection(NestedProjects) = preSolution
		{5F18EE62-3FBC-42F5-96DC-8C61C3D9EF27} = {DA4DE709-E5BC-4B93-88D2-838656C217CE}
		{50252EFB-8629-4B1D-AC2F-5F29CB6F684D} = {DA4DE709-E5BC-4B93-88D2-838656C217CE}
		{311DE251-20A2-42C0-BD6C-2A327221D3C3} = {5F18EE62-3FBC-42F5-96DC-8C61C3D9EF27}
		{6D6BD6AF-06E3-4FB2-ADEF-E373D2E94B3E} = {50252EFB-8629-4B1D-AC2F-5F29CB6F684D}
		{F840F15F-592B-4E82-BFEB-CA2F3DBA3C2F} = {5F18EE62-3FBC-42F5-96DC-8C61C3D9EF27}
		{97B58430-AAA3-4283-85FC-2BA1ED37514E} = {50252EFB-8629-4B1D-AC2F-5F29CB6F684D}
		{C551EE51-B06E-4554-9114-763150B8908E} = {5F18EE62-3FBC-42F5-96DC-8C61C3D9EF27}
		{07AAE83F-56C7-4A9A-9972-7F9BE53D031A} = {50252EFB-8629-4B1D-AC2F-5F29CB6F684D}
		{A7A0EDB7-BFE4-4645-A8A3-0D42A5E1002F} = {5F18EE62-3FBC-42F5-96DC-8C61C3D9EF27}
		{7372528E-F5B9-49C6-8EC4-8F793DFC081D} = {50252EFB-8629-4B1D-AC2F-5F29CB6F684D}
		{A0A4DB02-4AB6-42FA-8F75-B0A58BCF8E57} = {5F18EE62-3FBC-42F5-96DC-8C61C3D9EF27}
		{4B50EE32-BF4F-4FE4-918D-3B35695CD829} = {50252EFB-8629-4B1D-AC2F-5F29CB6F684D}
		{AB284655-5FE2-4DF9-BCF9-87A8962C086E} = {5F18EE62-3FBC-42F5-96DC-8C61C3D9EF27}
		{EC5DD74A-C0FB-4310-95FF-F8C9E2817F5C} = {50252EFB-8629-4B1D-AC2F-5F29CB6F684D}
		{175E14F2-E526-4DEA-9E05-AA87E48DBD7D} = {5F18EE62-3FBC-42F5-96DC-8C61C3D9EF27}
		{D95B0932-CC64-440A-A956-D9D9EF9E1A99} = {50252EFB-8629-4B1D-AC2F-5F29CB6F684D}
		{9610AFDB-AA50-4AFF-80E5-B8CA65D84A8E} = {5F18EE62-3FBC-42F5-96DC-8C61C3D9EF27}
		{AECC9062-83E1-4B62-906D-1055E61E71DE} = {50252EFB-8629-4B1D-AC2F-5F29CB6F684D}
		{3DFED352-5E7E-4688-8371-8B55EB800705} = {5F18EE62-3FBC-42F5-96DC-8C61C3D9EF27}
		{793F6A63-30B3-44BC-A205-50031E27E31C} = {50252EFB-8629-4B1D-AC2F-5F29CB6F684D}
		{AA0D0715-5EAE-437A-ABF5-D596B127544B} = {DA4DE709-E5BC-4B93-88D2-838656C217CE}
		{4AAFE071-EC5E-4F28-961C-7BB1259DC452} = {AA0D0715-5EAE-437A-ABF5-D596B127544B}
		{E5097EE8-6385-4C20-9DE3-8902CEA4FE8B} = {5F18EE62-3FBC-42F5-96DC-8C61C3D9EF27}
		{B39492DF-D142-4F68-BAE9-2862D4B2E865} = {50252EFB-8629-4B1D-AC2F-5F29CB6F684D}
		{17C0DC51-C48D-4CAD-BF20-2C1BF7785A08} = {5F18EE62-3FBC-42F5-96DC-8C61C3D9EF27}
		{E3623DC7-BE65-4EBD-9E1D-D66BE0502F72} = {50252EFB-8629-4B1D-AC2F-5F29CB6F684D}
		{5EED8C4F-CE5B-4539-ABCE-5D07F4EE92B1} = {5F18EE62-3FBC-42F5-96DC-8C61C3D9EF27}
		{BB820FE9-4253-428E-A65A-95CF269022E9} = {50252EFB-8629-4B1D-AC2F-5F29CB6F684D}
		{3B8F0A74-D7DD-4FA7-A6DF-568640868A24} = {50252EFB-8629-4B1D-AC2F-5F29CB6F684D}
		{1DE8AF4D-4D46-4766-844E-819757AC4E4C} = {5F18EE62-3FBC-42F5-96DC-8C61C3D9EF27}
		{D0DE2AFA-498B-489B-9DC4-3AFC8CA60EF0} = {5F18EE62-3FBC-42F5-96DC-8C61C3D9EF27}
		{AADC7783-3155-4905-9524-61EE2E5E01C2} = {50252EFB-8629-4B1D-AC2F-5F29CB6F684D}
		{115784A8-B2A6-4790-99D3-C41049CBC1C9} = {5F18EE62-3FBC-42F5-96DC-8C61C3D9EF27}
		{397C9A29-83DB-4944-9D4E-93159CDA60B6} = {50252EFB-8629-4B1D-AC2F-5F29CB6F684D}
		{68E91C38-4D95-4DCE-9BC2-4AE71236B289} = {5F18EE62-3FBC-42F5-96DC-8C61C3D9EF27}
		{A2AF6E5E-C42E-47A1-AE81-ED81B84C57DD} = {50252EFB-8629-4B1D-AC2F-5F29CB6F684D}
		{7D6C1BB8-4E00-4DB0-9063-859A98C69927} = {5F18EE62-3FBC-42F5-96DC-8C61C3D9EF27}
		{2E589423-3B93-4444-830B-8742E6BF8FD1} = {50252EFB-8629-4B1D-AC2F-5F29CB6F684D}
		{02F83C77-C526-41D5-853B-1E40EF7F5CDA} = {5F18EE62-3FBC-42F5-96DC-8C61C3D9EF27}
		{E081A3D2-23D1-4C02-80F0-2832DCB502EF} = {50252EFB-8629-4B1D-AC2F-5F29CB6F684D}
	EndGlobalSection
	GlobalSection(ExtensibilityGlobals) = postSolution
		SolutionGuid = {46ECC226-1874-4539-8589-8B2029909C4A}
	EndGlobalSection
EndGlobal
