Microsoft Visual Studio Solution File, Format Version 12.00
# Visual Studio Version 18
VisualStudioVersion = 18.3.11505.172 d18.3
MinimumVisualStudioVersion = 10.0.40219.1
Project("{2150E333-8FDC-42A3-9474-1A3956D46DE8}") = "src", "src", "{827E0CD3-B72D-47B6-A68D-7590B98EB39B}"
EndProject
Project("{2150E333-8FDC-42A3-9474-1A3956D46DE8}") = "test", "test", "{0C88DD14-F956-CE84-757C-A364CCF449FC}"
EndProject
Project("{2150E333-8FDC-42A3-9474-1A3956D46DE8}") = "samples", "samples", "{5D20AA90-6969-D8BD-9DCD-8634F4692FDA}"
EndProject
Project("{FAE04EC0-301F-11D3-BF4B-00C04F79EFBC}") = "JGUZDV.Blazor.Components", "src\JGUZDV.Blazor.Components.csproj", "{148F346C-E367-167F-A401-F2AD28779AD1}"
EndProject
Project("{FAE04EC0-301F-11D3-BF4B-00C04F79EFBC}") = "JGUZDV.Blazor.Components.Tests", "test\JGUZDV.Blazor.Components.Tests.csproj", "{CBCA5FE2-B7EE-D108-AB6D-62172CA7FC85}"
EndProject
Project("{2150E333-8FDC-42A3-9474-1A3956D46DE8}") = "Shared", "Shared", "{3177BFE4-54BB-4449-CBD6-550FA3C2F073}"
EndProject
Project("{FAE04EC0-301F-11D3-BF4B-00C04F79EFBC}") = "JGUZDV.Blazor.Components.Samples", "samples\Shared\JGUZDV.Blazor.Components.Samples.csproj", "{BFF57240-4CB3-8A11-A8A1-192BE879E2EF}"
EndProject
Project("{2150E333-8FDC-42A3-9474-1A3956D46DE8}") = "Static", "Static", "{11D6F7AE-A817-024F-77A0-49FD0668E0D8}"
EndProject
Project("{FAE04EC0-301F-11D3-BF4B-00C04F79EFBC}") = "JGUZDV.Blazor.Components.Samples.Static", "samples\Static\JGUZDV.Blazor.Components.Samples.Static.csproj", "{4CC896D2-9B60-21F8-C5D8-1E9993725BFA}"
EndProject
Project("{2150E333-8FDC-42A3-9474-1A3956D46DE8}") = "Web", "Web", "{AD4D86CB-D368-B604-6D4C-4DA7B7492ACB}"
EndProject
Project("{FAE04EC0-301F-11D3-BF4B-00C04F79EFBC}") = "JGUZDV.Blazor.Components.Samples.Web", "samples\Web\JGUZDV.Blazor.Components.Samples.Web.csproj", "{D791FA1F-1C58-A983-5B70-C1EB01D71A43}"
EndProject
Project("{2150E333-8FDC-42A3-9474-1A3956D46DE8}") = "Web.Client", "Web.Client", "{51E41199-799F-DDB5-7288-922B3CDD5CBB}"
EndProject
Project("{FAE04EC0-301F-11D3-BF4B-00C04F79EFBC}") = "JGUZDV.Blazor.Components.Samples.Web.Client", "samples\Web.Client\JGUZDV.Blazor.Components.Samples.Web.Client.csproj", "{FF96CF53-633C-213C-FDBD-64D3921B2519}"
EndProject
Project("{2150E333-8FDC-42A3-9474-1A3956D46DE8}") = "WebAssembly", "WebAssembly", "{351F1AB8-3778-6092-799F-46425C40BCF2}"
EndProject
Project("{FAE04EC0-301F-11D3-BF4B-00C04F79EFBC}") = "JGUZDV.Blazor.Components.Samples.Standalone", "samples\WebAssembly\JGUZDV.Blazor.Components.Samples.Standalone.csproj", "{DBCF7928-854B-9AD6-7C0C-DC902CD6D8B0}"
EndProject
Global
	GlobalSection(SolutionConfigurationPlatforms) = preSolution
		Debug|Any CPU = Debug|Any CPU
		Release|Any CPU = Release|Any CPU
	EndGlobalSection
	GlobalSection(ProjectConfigurationPlatforms) = postSolution
		{148F346C-E367-167F-A401-F2AD28779AD1}.Debug|Any CPU.ActiveCfg = Debug|Any CPU
		{148F346C-E367-167F-A401-F2AD28779AD1}.Debug|Any CPU.Build.0 = Debug|Any CPU
		{148F346C-E367-167F-A401-F2AD28779AD1}.Release|Any CPU.ActiveCfg = Release|Any CPU
		{148F346C-E367-167F-A401-F2AD28779AD1}.Release|Any CPU.Build.0 = Release|Any CPU
		{CBCA5FE2-B7EE-D108-AB6D-62172CA7FC85}.Debug|Any CPU.ActiveCfg = Debug|Any CPU
		{CBCA5FE2-B7EE-D108-AB6D-62172CA7FC85}.Debug|Any CPU.Build.0 = Debug|Any CPU
		{CBCA5FE2-B7EE-D108-AB6D-62172CA7FC85}.Release|Any CPU.ActiveCfg = Release|Any CPU
		{CBCA5FE2-B7EE-D108-AB6D-62172CA7FC85}.Release|Any CPU.Build.0 = Release|Any CPU
		{BFF57240-4CB3-8A11-A8A1-192BE879E2EF}.Debug|Any CPU.ActiveCfg = Debug|Any CPU
		{BFF57240-4CB3-8A11-A8A1-192BE879E2EF}.Debug|Any CPU.Build.0 = Debug|Any CPU
		{BFF57240-4CB3-8A11-A8A1-192BE879E2EF}.Release|Any CPU.ActiveCfg = Release|Any CPU
		{BFF57240-4CB3-8A11-A8A1-192BE879E2EF}.Release|Any CPU.Build.0 = Release|Any CPU
		{4CC896D2-9B60-21F8-C5D8-1E9993725BFA}.Debug|Any CPU.ActiveCfg = Debug|Any CPU
		{4CC896D2-9B60-21F8-C5D8-1E9993725BFA}.Debug|Any CPU.Build.0 = Debug|Any CPU
		{4CC896D2-9B60-21F8-C5D8-1E9993725BFA}.Release|Any CPU.ActiveCfg = Release|Any CPU
		{4CC896D2-9B60-21F8-C5D8-1E9993725BFA}.Release|Any CPU.Build.0 = Release|Any CPU
		{D791FA1F-1C58-A983-5B70-C1EB01D71A43}.Debug|Any CPU.ActiveCfg = Debug|Any CPU
		{D791FA1F-1C58-A983-5B70-C1EB01D71A43}.Debug|Any CPU.Build.0 = Debug|Any CPU
		{D791FA1F-1C58-A983-5B70-C1EB01D71A43}.Release|Any CPU.ActiveCfg = Release|Any CPU
		{D791FA1F-1C58-A983-5B70-C1EB01D71A43}.Release|Any CPU.Build.0 = Release|Any CPU
		{FF96CF53-633C-213C-FDBD-64D3921B2519}.Debug|Any CPU.ActiveCfg = Debug|Any CPU
		{FF96CF53-633C-213C-FDBD-64D3921B2519}.Debug|Any CPU.Build.0 = Debug|Any CPU
		{FF96CF53-633C-213C-FDBD-64D3921B2519}.Release|Any CPU.ActiveCfg = Release|Any CPU
		{FF96CF53-633C-213C-FDBD-64D3921B2519}.Release|Any CPU.Build.0 = Release|Any CPU
		{DBCF7928-854B-9AD6-7C0C-DC902CD6D8B0}.Debug|Any CPU.ActiveCfg = Debug|Any CPU
		{DBCF7928-854B-9AD6-7C0C-DC902CD6D8B0}.Debug|Any CPU.Build.0 = Debug|Any CPU
		{DBCF7928-854B-9AD6-7C0C-DC902CD6D8B0}.Release|Any CPU.ActiveCfg = Release|Any CPU
		{DBCF7928-854B-9AD6-7C0C-DC902CD6D8B0}.Release|Any CPU.Build.0 = Release|Any CPU
	EndGlobalSection
	GlobalSection(SolutionProperties) = preSolution
		HideSolutionNode = FALSE
	EndGlobalSection
	GlobalSection(NestedProjects) = preSolution
		{148F346C-E367-167F-A401-F2AD28779AD1} = {827E0CD3-B72D-47B6-A68D-7590B98EB39B}
		{CBCA5FE2-B7EE-D108-AB6D-62172CA7FC85} = {0C88DD14-F956-CE84-757C-A364CCF449FC}
		{3177BFE4-54BB-4449-CBD6-550FA3C2F073} = {5D20AA90-6969-D8BD-9DCD-8634F4692FDA}
		{BFF57240-4CB3-8A11-A8A1-192BE879E2EF} = {3177BFE4-54BB-4449-CBD6-550FA3C2F073}
		{11D6F7AE-A817-024F-77A0-49FD0668E0D8} = {5D20AA90-6969-D8BD-9DCD-8634F4692FDA}
		{4CC896D2-9B60-21F8-C5D8-1E9993725BFA} = {11D6F7AE-A817-024F-77A0-49FD0668E0D8}
		{AD4D86CB-D368-B604-6D4C-4DA7B7492ACB} = {5D20AA90-6969-D8BD-9DCD-8634F4692FDA}
		{D791FA1F-1C58-A983-5B70-C1EB01D71A43} = {AD4D86CB-D368-B604-6D4C-4DA7B7492ACB}
		{51E41199-799F-DDB5-7288-922B3CDD5CBB} = {5D20AA90-6969-D8BD-9DCD-8634F4692FDA}
		{FF96CF53-633C-213C-FDBD-64D3921B2519} = {51E41199-799F-DDB5-7288-922B3CDD5CBB}
		{351F1AB8-3778-6092-799F-46425C40BCF2} = {5D20AA90-6969-D8BD-9DCD-8634F4692FDA}
		{DBCF7928-854B-9AD6-7C0C-DC902CD6D8B0} = {351F1AB8-3778-6092-799F-46425C40BCF2}
	EndGlobalSection
	GlobalSection(ExtensibilityGlobals) = postSolution
		SolutionGuid = {A683C380-9DE0-4F3A-9CF1-EB1702AE6D8C}
	EndGlobalSection
EndGlobal
